// !$*UTF8*$!
{
	archiveVersion = 1;
	classes = {
	};
	objectVersion = 50;
	objects = {

/* Begin PBXBuildFile section */
		A954C46026818C9700858D04 /* AppDelegate.swift in Sources */ = {isa = PBXBuildFile; fileRef = A954C45F26818C9700858D04 /* AppDelegate.swift */; };
		A954C46226818C9700858D04 /* ContentView.swift in Sources */ = {isa = PBXBuildFile; fileRef = A954C46126818C9700858D04 /* ContentView.swift */; };
		A954C46426818C9900858D04 /* Assets.xcassets in Resources */ = {isa = PBXBuildFile; fileRef = A954C46326818C9900858D04 /* Assets.xcassets */; };
		A954C46726818C9900858D04 /* Preview Assets.xcassets in Resources */ = {isa = PBXBuildFile; fileRef = A954C46626818C9900858D04 /* Preview Assets.xcassets */; };
		A954C46A26818C9900858D04 /* Main.storyboard in Resources */ = {isa = PBXBuildFile; fileRef = A954C46826818C9900858D04 /* Main.storyboard */; };
		A954C47A2681BCBD00858D04 /* httpcodes.json in Resources */ = {isa = PBXBuildFile; fileRef = A954C4772681BCBD00858D04 /* httpcodes.json */; };
		A954C47B2681BCBD00858D04 /* Helper.swift in Sources */ = {isa = PBXBuildFile; fileRef = A954C4782681BCBD00858D04 /* Helper.swift */; };
		A954C47C2681BCBD00858D04 /* HttpStatus.swift in Sources */ = {isa = PBXBuildFile; fileRef = A954C4792681BCBD00858D04 /* HttpStatus.swift */; };
		A954C4802681BD1000858D04 /* DetailView.swift in Sources */ = {isa = PBXBuildFile; fileRef = A954C47F2681BD1000858D04 /* DetailView.swift */; };
		A954C4832681BF8400858D04 /* CodeCell.swift in Sources */ = {isa = PBXBuildFile; fileRef = A954C4822681BF8400858D04 /* CodeCell.swift */; };
		A954C4872681C38700858D04 /* SectionHeader.swift in Sources */ = {isa = PBXBuildFile; fileRef = A954C4862681C38700858D04 /* SectionHeader.swift */; };
		A954C48F2681E88D00858D04 /* PrefsView.swift in Sources */ = {isa = PBXBuildFile; fileRef = A954C48B2681E88D00858D04 /* PrefsView.swift */; };
		A954C4902681E88D00858D04 /* NSWindow+Utils.swift in Sources */ = {isa = PBXBuildFile; fileRef = A954C48C2681E88D00858D04 /* NSWindow+Utils.swift */; };
		A954C4912681E88D00858D04 /* UserDefaultsPropertyWrapper.swift in Sources */ = {isa = PBXBuildFile; fileRef = A954C48D2681E88D00858D04 /* UserDefaultsPropertyWrapper.swift */; };
		A954C4922681E88D00858D04 /* Prefs.swift in Sources */ = {isa = PBXBuildFile; fileRef = A954C48E2681E88D00858D04 /* Prefs.swift */; };
		A9FD9DD0268310E200C16F31 /* SamplesHostingController.swift in Sources */ = {isa = PBXBuildFile; fileRef = A9FD9DCF268310E200C16F31 /* SamplesHostingController.swift */; };
		A9FD9DD42683125100C16F31 /* SamplesView.swift in Sources */ = {isa = PBXBuildFile; fileRef = A9FD9DD32683125100C16F31 /* SamplesView.swift */; };
/* End PBXBuildFile section */

/* Begin PBXFileReference section */
		A954C45C26818C9700858D04 /* MacDemo.app */ = {isa = PBXFileReference; explicitFileType = wrapper.application; includeInIndex = 0; path = MacDemo.app; sourceTree = BUILT_PRODUCTS_DIR; };
		A954C45F26818C9700858D04 /* AppDelegate.swift */ = {isa = PBXFileReference; lastKnownFileType = sourcecode.swift; path = AppDelegate.swift; sourceTree = "<group>"; };
		A954C46126818C9700858D04 /* ContentView.swift */ = {isa = PBXFileReference; lastKnownFileType = sourcecode.swift; path = ContentView.swift; sourceTree = "<group>"; };
		A954C46326818C9900858D04 /* Assets.xcassets */ = {isa = PBXFileReference; lastKnownFileType = folder.assetcatalog; path = Assets.xcassets; sourceTree = "<group>"; };
		A954C46626818C9900858D04 /* Preview Assets.xcassets */ = {isa = PBXFileReference; lastKnownFileType = folder.assetcatalog; path = "Preview Assets.xcassets"; sourceTree = "<group>"; };
		A954C46926818C9900858D04 /* Base */ = {isa = PBXFileReference; lastKnownFileType = file.storyboard; name = Base; path = Base.lproj/Main.storyboard; sourceTree = "<group>"; };
		A954C46B26818C9900858D04 /* Info.plist */ = {isa = PBXFileReference; lastKnownFileType = text.plist.xml; path = Info.plist; sourceTree = "<group>"; };
		A954C46C26818C9900858D04 /* MacDemo.entitlements */ = {isa = PBXFileReference; lastKnownFileType = text.plist.entitlements; path = MacDemo.entitlements; sourceTree = "<group>"; };
		A954C4772681BCBD00858D04 /* httpcodes.json */ = {isa = PBXFileReference; fileEncoding = 4; lastKnownFileType = text.json; path = httpcodes.json; sourceTree = "<group>"; };
		A954C4782681BCBD00858D04 /* Helper.swift */ = {isa = PBXFileReference; fileEncoding = 4; lastKnownFileType = sourcecode.swift; path = Helper.swift; sourceTree = "<group>"; };
		A954C4792681BCBD00858D04 /* HttpStatus.swift */ = {isa = PBXFileReference; fileEncoding = 4; lastKnownFileType = sourcecode.swift; path = HttpStatus.swift; sourceTree = "<group>"; };
		A954C47F2681BD1000858D04 /* DetailView.swift */ = {isa = PBXFileReference; lastKnownFileType = sourcecode.swift; path = DetailView.swift; sourceTree = "<group>"; };
		A954C4822681BF8400858D04 /* CodeCell.swift */ = {isa = PBXFileReference; lastKnownFileType = sourcecode.swift; path = CodeCell.swift; sourceTree = "<group>"; };
		A954C4862681C38700858D04 /* SectionHeader.swift */ = {isa = PBXFileReference; lastKnownFileType = sourcecode.swift; path = SectionHeader.swift; sourceTree = "<group>"; };
		A954C48B2681E88D00858D04 /* PrefsView.swift */ = {isa = PBXFileReference; fileEncoding = 4; lastKnownFileType = sourcecode.swift; path = PrefsView.swift; sourceTree = "<group>"; };
		A954C48C2681E88D00858D04 /* NSWindow+Utils.swift */ = {isa = PBXFileReference; fileEncoding = 4; lastKnownFileType = sourcecode.swift; path = "NSWindow+Utils.swift"; sourceTree = "<group>"; };
		A954C48D2681E88D00858D04 /* UserDefaultsPropertyWrapper.swift */ = {isa = PBXFileReference; fileEncoding = 4; lastKnownFileType = sourcecode.swift; path = UserDefaultsPropertyWrapper.swift; sourceTree = "<group>"; };
		A954C48E2681E88D00858D04 /* Prefs.swift */ = {isa = PBXFileReference; fileEncoding = 4; lastKnownFileType = sourcecode.swift; path = Prefs.swift; sourceTree = "<group>"; };
		A9FD9DCF268310E200C16F31 /* SamplesHostingController.swift */ = {isa = PBXFileReference; lastKnownFileType = sourcecode.swift; path = SamplesHostingController.swift; sourceTree = "<group>"; };
		A9FD9DD32683125100C16F31 /* SamplesView.swift */ = {isa = PBXFileReference; lastKnownFileType = sourcecode.swift; path = SamplesView.swift; sourceTree = "<group>"; };
/* End PBXFileReference section */

/* Begin PBXFrameworksBuildPhase section */
		A954C45926818C9600858D04 /* Frameworks */ = {
			isa = PBXFrameworksBuildPhase;
			buildActionMask = 2147483647;
			files = (
			);
			runOnlyForDeploymentPostprocessing = 0;
		};
/* End PBXFrameworksBuildPhase section */

/* Begin PBXGroup section */
		A954C45326818C9600858D04 = {
			isa = PBXGroup;
			children = (
				A954C45E26818C9700858D04 /* MacDemo */,
				A954C45D26818C9700858D04 /* Products */,
			);
			sourceTree = "<group>";
		};
		A954C45D26818C9700858D04 /* Products */ = {
			isa = PBXGroup;
			children = (
				A954C45C26818C9700858D04 /* MacDemo.app */,
			);
			name = Products;
			sourceTree = "<group>";
		};
		A954C45E26818C9700858D04 /* MacDemo */ = {
			isa = PBXGroup;
			children = (
				A954C45F26818C9700858D04 /* AppDelegate.swift */,
				A954C46126818C9700858D04 /* ContentView.swift */,
				A954C4822681BF8400858D04 /* CodeCell.swift */,
				A954C4862681C38700858D04 /* SectionHeader.swift */,
				A954C47F2681BD1000858D04 /* DetailView.swift */,
				A9FD9DCE268310B100C16F31 /* SampleUI */,
				A954C48A2681E88D00858D04 /* Prefs */,
				A954C4762681BCBD00858D04 /* Data */,
				A954C46326818C9900858D04 /* Assets.xcassets */,
				A954C46826818C9900858D04 /* Main.storyboard */,
				A954C46B26818C9900858D04 /* Info.plist */,
				A954C46C26818C9900858D04 /* MacDemo.entitlements */,
				A954C46526818C9900858D04 /* Preview Content */,
			);
			path = MacDemo;
			sourceTree = "<group>";
		};
		A954C46526818C9900858D04 /* Preview Content */ = {
			isa = PBXGroup;
			children = (
				A954C46626818C9900858D04 /* Preview Assets.xcassets */,
			);
			path = "Preview Content";
			sourceTree = "<group>";
		};
		A954C4762681BCBD00858D04 /* Data */ = {
			isa = PBXGroup;
			children = (
				A954C4772681BCBD00858D04 /* httpcodes.json */,
				A954C4782681BCBD00858D04 /* Helper.swift */,
				A954C4792681BCBD00858D04 /* HttpStatus.swift */,
			);
			path = Data;
			sourceTree = "<group>";
		};
		A954C48A2681E88D00858D04 /* Prefs */ = {
			isa = PBXGroup;
			children = (
				A954C48B2681E88D00858D04 /* PrefsView.swift */,
				A954C48C2681E88D00858D04 /* NSWindow+Utils.swift */,
				A954C48D2681E88D00858D04 /* UserDefaultsPropertyWrapper.swift */,
				A954C48E2681E88D00858D04 /* Prefs.swift */,
			);
			path = Prefs;
			sourceTree = "<group>";
		};
		A9FD9DCE268310B100C16F31 /* SampleUI */ = {
			isa = PBXGroup;
			children = (
				A9FD9DCF268310E200C16F31 /* SamplesHostingController.swift */,
				A9FD9DD32683125100C16F31 /* SamplesView.swift */,
			);
			path = SampleUI;
			sourceTree = "<group>";
		};
/* End PBXGroup section */

/* Begin PBXNativeTarget section */
		A954C45B26818C9600858D04 /* MacDemo */ = {
			isa = PBXNativeTarget;
			buildConfigurationList = A954C46F26818C9900858D04 /* Build configuration list for PBXNativeTarget "MacDemo" */;
			buildPhases = (
				A954C45826818C9600858D04 /* Sources */,
				A954C45926818C9600858D04 /* Frameworks */,
				A954C45A26818C9600858D04 /* Resources */,
			);
			buildRules = (
			);
			dependencies = (
			);
			name = MacDemo;
			productName = MacDemo;
			productReference = A954C45C26818C9700858D04 /* MacDemo.app */;
			productType = "com.apple.product-type.application";
		};
/* End PBXNativeTarget section */

/* Begin PBXProject section */
		A954C45426818C9600858D04 /* Project object */ = {
			isa = PBXProject;
			attributes = {
				LastSwiftUpdateCheck = 1210;
				LastUpgradeCheck = 1210;
				TargetAttributes = {
					A954C45B26818C9600858D04 = {
						CreatedOnToolsVersion = 12.1;
					};
				};
			};
			buildConfigurationList = A954C45726818C9600858D04 /* Build configuration list for PBXProject "MacDemo" */;
			compatibilityVersion = "Xcode 9.3";
			developmentRegion = en;
			hasScannedForEncodings = 0;
			knownRegions = (
				en,
				Base,
			);
			mainGroup = A954C45326818C9600858D04;
			productRefGroup = A954C45D26818C9700858D04 /* Products */;
			projectDirPath = "";
			projectRoot = "";
			targets = (
				A954C45B26818C9600858D04 /* MacDemo */,
			);
		};
/* End PBXProject section */

/* Begin PBXResourcesBuildPhase section */
		A954C45A26818C9600858D04 /* Resources */ = {
			isa = PBXResourcesBuildPhase;
			buildActionMask = 2147483647;
			files = (
				A954C47A2681BCBD00858D04 /* httpcodes.json in Resources */,
				A954C46A26818C9900858D04 /* Main.storyboard in Resources */,
				A954C46726818C9900858D04 /* Preview Assets.xcassets in Resources */,
				A954C46426818C9900858D04 /* Assets.xcassets in Resources */,
			);
			runOnlyForDeploymentPostprocessing = 0;
		};
/* End PBXResourcesBuildPhase section */

/* Begin PBXSourcesBuildPhase section */
		A954C45826818C9600858D04 /* Sources */ = {
			isa = PBXSourcesBuildPhase;
			buildActionMask = 2147483647;
			files = (
				A954C4922681E88D00858D04 /* Prefs.swift in Sources */,
				A954C46226818C9700858D04 /* ContentView.swift in Sources */,
				A954C46026818C9700858D04 /* AppDelegate.swift in Sources */,
				A954C47B2681BCBD00858D04 /* Helper.swift in Sources */,
				A954C4912681E88D00858D04 /* UserDefaultsPropertyWrapper.swift in Sources */,
				A9FD9DD42683125100C16F31 /* SamplesView.swift in Sources */,
				A954C4872681C38700858D04 /* SectionHeader.swift in Sources */,
				A9FD9DD0268310E200C16F31 /* SamplesHostingController.swift in Sources */,
				A954C4902681E88D00858D04 /* NSWindow+Utils.swift in Sources */,
				A954C4802681BD1000858D04 /* DetailView.swift in Sources */,
				A954C48F2681E88D00858D04 /* PrefsView.swift in Sources */,
				A954C4832681BF8400858D04 /* CodeCell.swift in Sources */,
				A954C47C2681BCBD00858D04 /* HttpStatus.swift in Sources */,
			);
			runOnlyForDeploymentPostprocessing = 0;
		};
/* End PBXSourcesBuildPhase section */

/* Begin PBXVariantGroup section */
		A954C46826818C9900858D04 /* Main.storyboard */ = {
			isa = PBXVariantGroup;
			children = (
				A954C46926818C9900858D04 /* Base */,
			);
			name = Main.storyboard;
			sourceTree = "<group>";
		};
/* End PBXVariantGroup section */

/* Begin XCBuildConfiguration section */
		A954C46D26818C9900858D04 /* Debug */ = {
			isa = XCBuildConfiguration;
			buildSettings = {
				ALWAYS_SEARCH_USER_PATHS = NO;
				CLANG_ANALYZER_NONNULL = YES;
				CLANG_ANALYZER_NUMBER_OBJECT_CONVERSION = YES_AGGRESSIVE;
				CLANG_CXX_LANGUAGE_STANDARD = "gnu++14";
				CLANG_CXX_LIBRARY = "libc++";
				CLANG_ENABLE_MODULES = YES;
				CLANG_ENABLE_OBJC_ARC = YES;
				CLANG_ENABLE_OBJC_WEAK = YES;
				CLANG_WARN_BLOCK_CAPTURE_AUTORELEASING = YES;
				CLANG_WARN_BOOL_CONVERSION = YES;
				CLANG_WARN_COMMA = YES;
				CLANG_WARN_CONSTANT_CONVERSION = YES;
				CLANG_WARN_DEPRECATED_OBJC_IMPLEMENTATIONS = YES;
				CLANG_WARN_DIRECT_OBJC_ISA_USAGE = YES_ERROR;
				CLANG_WARN_DOCUMENTATION_COMMENTS = YES;
				CLANG_WARN_EMPTY_BODY = YES;
				CLANG_WARN_ENUM_CONVERSION = YES;
				CLANG_WARN_INFINITE_RECURSION = YES;
				CLANG_WARN_INT_CONVERSION = YES;
				CLANG_WARN_NON_LITERAL_NULL_CONVERSION = YES;
				CLANG_WARN_OBJC_IMPLICIT_RETAIN_SELF = YES;
				CLANG_WARN_OBJC_LITERAL_CONVERSION = YES;
				CLANG_WARN_OBJC_ROOT_CLASS = YES_ERROR;
				CLANG_WARN_QUOTED_INCLUDE_IN_FRAMEWORK_HEADER = YES;
				CLANG_WARN_RANGE_LOOP_ANALYSIS = YES;
				CLANG_WARN_STRICT_PROTOTYPES = YES;
				CLANG_WARN_SUSPICIOUS_MOVE = YES;
				CLANG_WARN_UNGUARDED_AVAILABILITY = YES_AGGRESSIVE;
				CLANG_WARN_UNREACHABLE_CODE = YES;
				CLANG_WARN__DUPLICATE_METHOD_MATCH = YES;
				COPY_PHASE_STRIP = NO;
				DEBUG_INFORMATION_FORMAT = dwarf;
				ENABLE_STRICT_OBJC_MSGSEND = YES;
				ENABLE_TESTABILITY = YES;
				GCC_C_LANGUAGE_STANDARD = gnu11;
				GCC_DYNAMIC_NO_PIC = NO;
				GCC_NO_COMMON_BLOCKS = YES;
				GCC_OPTIMIZATION_LEVEL = 0;
				GCC_PREPROCESSOR_DEFINITIONS = (
					"DEBUG=1",
					"$(inherited)",
				);
				GCC_WARN_64_TO_32_BIT_CONVERSION = YES;
				GCC_WARN_ABOUT_RETURN_TYPE = YES_ERROR;
				GCC_WARN_UNDECLARED_SELECTOR = YES;
				GCC_WARN_UNINITIALIZED_AUTOS = YES_AGGRESSIVE;
				GCC_WARN_UNUSED_FUNCTION = YES;
				GCC_WARN_UNUSED_VARIABLE = YES;
				MACOSX_DEPLOYMENT_TARGET = 10.15;
				MTL_ENABLE_DEBUG_INFO = INCLUDE_SOURCE;
				MTL_FAST_MATH = YES;
				ONLY_ACTIVE_ARCH = YES;
				SDKROOT = macosx;
				SWIFT_ACTIVE_COMPILATION_CONDITIONS = DEBUG;
				SWIFT_OPTIMIZATION_LEVEL = "-Onone";
			};
			name = Debug;
		};
		A954C46E26818C9900858D04 /* Release */ = {
			isa = XCBuildConfiguration;
			buildSettings = {
				ALWAYS_SEARCH_USER_PATHS = NO;
				CLANG_ANALYZER_NONNULL = YES;
				CLANG_ANALYZER_NUMBER_OBJECT_CONVERSION = YES_AGGRESSIVE;
				CLANG_CXX_LANGUAGE_STANDARD = "gnu++14";
				CLANG_CXX_LIBRARY = "libc++";
				CLANG_ENABLE_MODULES = YES;
				CLANG_ENABLE_OBJC_ARC = YES;
				CLANG_ENABLE_OBJC_WEAK = YES;
				CLANG_WARN_BLOCK_CAPTURE_AUTORELEASING = YES;
				CLANG_WARN_BOOL_CONVERSION = YES;
				CLANG_WARN_COMMA = YES;
				CLANG_WARN_CONSTANT_CONVERSION = YES;
				CLANG_WARN_DEPRECATED_OBJC_IMPLEMENTATIONS = YES;
				CLANG_WARN_DIRECT_OBJC_ISA_USAGE = YES_ERROR;
				CLANG_WARN_DOCUMENTATION_COMMENTS = YES;
				CLANG_WARN_EMPTY_BODY = YES;
				CLANG_WARN_ENUM_CONVERSION = YES;
				CLANG_WARN_INFINITE_RECURSION = YES;
				CLANG_WARN_INT_CONVERSION = YES;
				CLANG_WARN_NON_LITERAL_NULL_CONVERSION = YES;
				CLANG_WARN_OBJC_IMPLICIT_RETAIN_SELF = YES;
				CLANG_WARN_OBJC_LITERAL_CONVERSION = YES;
				CLANG_WARN_OBJC_ROOT_CLASS = YES_ERROR;
				CLANG_WARN_QUOTED_INCLUDE_IN_FRAMEWORK_HEADER = YES;
				CLANG_WARN_RANGE_LOOP_ANALYSIS = YES;
				CLANG_WARN_STRICT_PROTOTYPES = YES;
				CLANG_WARN_SUSPICIOUS_MOVE = YES;
				CLANG_WARN_UNGUARDED_AVAILABILITY = YES_AGGRESSIVE;
				CLANG_WARN_UNREACHABLE_CODE = YES;
				CLANG_WARN__DUPLICATE_METHOD_MATCH = YES;
				COPY_PHASE_STRIP = NO;
				DEBUG_INFORMATION_FORMAT = "dwarf-with-dsym";
				ENABLE_NS_ASSERTIONS = NO;
				ENABLE_STRICT_OBJC_MSGSEND = YES;
				GCC_C_LANGUAGE_STANDARD = gnu11;
				GCC_NO_COMMON_BLOCKS = YES;
				GCC_WARN_64_TO_32_BIT_CONVERSION = YES;
				GCC_WARN_ABOUT_RETURN_TYPE = YES_ERROR;
				GCC_WARN_UNDECLARED_SELECTOR = YES;
				GCC_WARN_UNINITIALIZED_AUTOS = YES_AGGRESSIVE;
				GCC_WARN_UNUSED_FUNCTION = YES;
				GCC_WARN_UNUSED_VARIABLE = YES;
				MACOSX_DEPLOYMENT_TARGET = 10.15;
				MTL_ENABLE_DEBUG_INFO = NO;
				MTL_FAST_MATH = YES;
				SDKROOT = macosx;
				SWIFT_COMPILATION_MODE = wholemodule;
				SWIFT_OPTIMIZATION_LEVEL = "-O";
			};
			name = Release;
		};
		A954C47026818C9900858D04 /* Debug */ = {
			isa = XCBuildConfiguration;
			buildSettings = {
				ASSETCATALOG_COMPILER_APPICON_NAME = AppIcon;
				ASSETCATALOG_COMPILER_GLOBAL_ACCENT_COLOR_NAME = AccentColor;
				CODE_SIGN_ENTITLEMENTS = MacDemo/MacDemo.entitlements;
				CODE_SIGN_STYLE = Automatic;
				COMBINE_HIDPI_IMAGES = YES;
				DEVELOPMENT_ASSET_PATHS = "\"MacDemo/Preview Content\"";
				ENABLE_PREVIEWS = YES;
				INFOPLIST_FILE = MacDemo/Info.plist;
				LD_RUNPATH_SEARCH_PATHS = (
					"$(inherited)",
					"@executable_path/../Frameworks",
				);
				MACOSX_DEPLOYMENT_TARGET = 10.15;
				PRODUCT_BUNDLE_IDENTIFIER = "Coremail--.MacDemo";
				PRODUCT_NAME = "$(TARGET_NAME)";
				SWIFT_VERSION = 5.0;
			};
			name = Debug;
		};
		A954C47126818C9900858D04 /* Release */ = {
			isa = XCBuildConfiguration;
			buildSettings = {
				ASSETCATALOG_COMPILER_APPICON_NAME = AppIcon;
				ASSETCATALOG_COMPILER_GLOBAL_ACCENT_COLOR_NAME = AccentColor;
				CODE_SIGN_ENTITLEMENTS = MacDemo/MacDemo.entitlements;
				CODE_SIGN_STYLE = Automatic;
				COMBINE_HIDPI_IMAGES = YES;
				DEVELOPMENT_ASSET_PATHS = "\"MacDemo/Preview Content\"";
				ENABLE_PREVIEWS = YES;
				INFOPLIST_FILE = MacDemo/Info.plist;
				LD_RUNPATH_SEARCH_PATHS = (
					"$(inherited)",
					"@executable_path/../Frameworks",
				);
				MACOSX_DEPLOYMENT_TARGET = 10.15;
				PRODUCT_BUNDLE_IDENTIFIER = "Coremail--.MacDemo";
				PRODUCT_NAME = "$(TARGET_NAME)";
				SWIFT_VERSION = 5.0;
			};
			name = Release;
		};
/* End XCBuildConfiguration section */

/* Begin XCConfigurationList section */
		A954C45726818C9600858D04 /* Build configuration list for PBXProject "MacDemo" */ = {
			isa = XCConfigurationList;
			buildConfigurations = (
				A954C46D26818C9900858D04 /* Debug */,
				A954C46E26818C9900858D04 /* Release */,
			);
			defaultConfigurationIsVisible = 0;
			defaultConfigurationName = Release;
		};
		A954C46F26818C9900858D04 /* Build configuration list for PBXNativeTarget "MacDemo" */ = {
			isa = XCConfigurationList;
			buildConfigurations = (
				A954C47026818C9900858D04 /* Debug */,
				A954C47126818C9900858D04 /* Release */,
			);
			defaultConfigurationIsVisible = 0;
			defaultConfigurationName = Release;
		};
/* End XCConfigurationList section */
	};
	rootObject = A954C45426818C9600858D04 /* Project object */;
}
